
Microsoft Visual Studio Solution File, Format Version 12.00
# Visual Studio Version 17
VisualStudioVersion = 17.0.31903.59
MinimumVisualStudioVersion = 10.0.40219.1
Project("{FAE04EC0-301F-11D3-BF4B-00C04F79EFBC}") = "TemplateParser.Core", "TemplateParser.Core\TemplateParser.Core.csproj", "{2D63EDF1-E2FA-42F9-A6FD-ED55AAD24641}"
EndProject
Project("{FAE04EC0-301F-11D3-BF4B-00C04F79EFBC}") = "TemplateParser.Cli", "TemplateParser.Cli\TemplateParser.Cli.csproj", "{58481090-4747-403B-9058-84545B33C2EE}"
EndProject
Project("{FAE04EC0-301F-11D3-BF4B-00C04F79EFBC}") = "TemplateParser.Tests", "TemplateParser.Tests\TemplateParser.Tests.csproj", "{CC6C6091-377B-4C96-BD90-5B52CDE7E8EC}"
EndProject
Global
	GlobalSection(SolutionConfigurationPlatforms) = preSolution
		Debug|Any CPU = Debug|Any CPU
		Debug|x64 = Debug|x64
		Debug|x86 = Debug|x86
		Release|Any CPU = Release|Any CPU
		Release|x64 = Release|x64
		Release|x86 = Release|x86
	EndGlobalSection
	GlobalSection(ProjectConfigurationPlatforms) = postSolution
		{2D63EDF1-E2FA-42F9-A6FD-ED55AAD24641}.Debug|Any CPU.ActiveCfg = Debug|Any CPU
		{2D63EDF1-E2FA-42F9-A6FD-ED55AAD24641}.Debug|Any CPU.Build.0 = Debug|Any CPU
		{2D63EDF1-E2FA-42F9-A6FD-ED55AAD24641}.Debug|x64.ActiveCfg = Debug|Any CPU
		{2D63EDF1-E2FA-42F9-A6FD-ED55AAD24641}.Debug|x64.Build.0 = Debug|Any CPU
		{2D63EDF1-E2FA-42F9-A6FD-ED55AAD24641}.Debug|x86.ActiveCfg = Debug|Any CPU
		{2D63EDF1-E2FA-42F9-A6FD-ED55AAD24641}.Debug|x86.Build.0 = Debug|Any CPU
		{2D63EDF1-E2FA-42F9-A6FD-ED55AAD24641}.Release|Any CPU.ActiveCfg = Release|Any CPU
		{2D63EDF1-E2FA-42F9-A6FD-ED55AAD24641}.Release|Any CPU.Build.0 = Release|Any CPU
		{2D63EDF1-E2FA-42F9-A6FD-ED55AAD24641}.Release|x64.ActiveCfg = Release|Any CPU
		{2D63EDF1-E2FA-42F9-A6FD-ED55AAD24641}.Release|x64.Build.0 = Release|Any CPU
		{2D63EDF1-E2FA-42F9-A6FD-ED55AAD24641}.Release|x86.ActiveCfg = Release|Any CPU
		{2D63EDF1-E2FA-42F9-A6FD-ED55AAD24641}.Release|x86.Build.0 = Release|Any CPU
		{58481090-4747-403B-9058-84545B33C2EE}.Debug|Any CPU.ActiveCfg = Debug|Any CPU
		{58481090-4747-403B-9058-84545B33C2EE}.Debug|Any CPU.Build.0 = Debug|Any CPU
		{58481090-4747-403B-9058-84545B33C2EE}.Debug|x64.ActiveCfg = Debug|Any CPU
		{58481090-4747-403B-9058-84545B33C2EE}.Debug|x64.Build.0 = Debug|Any CPU
		{58481090-4747-403B-9058-84545B33C2EE}.Debug|x86.ActiveCfg = Debug|Any CPU
		{58481090-4747-403B-9058-84545B33C2EE}.Debug|x86.Build.0 = Debug|Any CPU
		{58481090-4747-403B-9058-84545B33C2EE}.Release|Any CPU.ActiveCfg = Release|Any CPU
		{58481090-4747-403B-9058-84545B33C2EE}.Release|Any CPU.Build.0 = Release|Any CPU
		{58481090-4747-403B-9058-84545B33C2EE}.Release|x64.ActiveCfg = Release|Any CPU
		{58481090-4747-403B-9058-84545B33C2EE}.Release|x64.Build.0 = Release|Any CPU
		{58481090-4747-403B-9058-84545B33C2EE}.Release|x86.ActiveCfg = Release|Any CPU
		{58481090-4747-403B-9058-84545B33C2EE}.Release|x86.Build.0 = Release|Any CPU
		{CC6C6091-377B-4C96-BD90-5B52CDE7E8EC}.Debug|Any CPU.ActiveCfg = Debug|Any CPU
		{CC6C6091-377B-4C96-BD90-5B52CDE7E8EC}.Debug|Any CPU.Build.0 = Debug|Any CPU
		{CC6C6091-377B-4C96-BD90-5B52CDE7E8EC}.Debug|x64.ActiveCfg = Debug|Any CPU
		{CC6C6091-377B-4C96-BD90-5B52CDE7E8EC}.Debug|x64.Build.0 = Debug|Any CPU
		{CC6C6091-377B-4C96-BD90-5B52CDE7E8EC}.Debug|x86.ActiveCfg = Debug|Any CPU
		{CC6C6091-377B-4C96-BD90-5B52CDE7E8EC}.Debug|x86.Build.0 = Debug|Any CPU
		{CC6C6091-377B-4C96-BD90-5B52CDE7E8EC}.Release|Any CPU.ActiveCfg = Release|Any CPU
		{CC6C6091-377B-4C96-BD90-5B52CDE7E8EC}.Release|Any CPU.Build.0 = Release|Any CPU
		{CC6C6091-377B-4C96-BD90-5B52CDE7E8EC}.Release|x64.ActiveCfg = Release|Any CPU
		{CC6C6091-377B-4C96-BD90-5B52CDE7E8EC}.Release|x64.Build.0 = Release|Any CPU
		{CC6C6091-377B-4C96-BD90-5B52CDE7E8EC}.Release|x86.ActiveCfg = Release|Any CPU
		{CC6C6091-377B-4C96-BD90-5B52CDE7E8EC}.Release|x86.Build.0 = Release|Any CPU
	EndGlobalSection
	GlobalSection(SolutionProperties) = preSolution
		HideSolutionNode = FALSE
	EndGlobalSection
EndGlobal
